{
  "requires": true,
  "lockfileVersion": 1,
  "dependencies": {
    "@mdi/js": {
      "version": "6.5.95",
      "resolved": "https://registry.npmjs.org/@mdi/js/-/js-6.5.95.tgz",
      "integrity": "sha512-x/bwEoAGP+Mo10Dfk5audNIPi7Yz8ZBrILcbXLW3ShOI/njpgodzpgpC2WYK3D2ZSC392peRRemIFb/JsyzzYQ==",
      "dev": true
    },
    "@supercharge/promise-pool": {
      "version": "2.0.0",
      "resolved": "https://registry.npmjs.org/@supercharge/promise-pool/-/promise-pool-2.0.0.tgz",
      "integrity": "sha512-j6J0MFycKPB8wv+hxnYYxi+4KIyKvkdQC3apkZ242ZOD2INWMrAW57Acyl/0RX78fj6upiSq3VssnW0Fx4H5IA==",
      "dev": true
    },
    "lodash-es": {
      "version": "4.17.21",
      "resolved": "https://registry.npmjs.org/lodash-es/-/lodash-es-4.17.21.tgz",
      "integrity": "sha512-mKnC+QJ9pWVzv+C4/U3rRsHapFfHvQFoFB92e52xeyGMcX6/OlIl78je1u8vePzYZSkkogMPJ2yjxxsb89cxyw==",
      "dev": true
    }
  }
}
